// !$*UTF8*$!
{
	archiveVersion = 1;
	classes = {
	};
	objectVersion = 46;
	objects = {

/* Begin PBXBuildFile section */
		BC27E8C11E2B112B00EEFD90 /* AppDelegate.swift in Sources */ = {isa = PBXBuildFile; fileRef = BC27E8C01E2B112B00EEFD90 /* AppDelegate.swift */; };
		BC27E8C31E2B112B00EEFD90 /* ViewController.swift in Sources */ = {isa = PBXBuildFile; fileRef = BC27E8C21E2B112B00EEFD90 /* ViewController.swift */; };
		BC27E8C61E2B112B00EEFD90 /* Main.storyboard in Resources */ = {isa = PBXBuildFile; fileRef = BC27E8C41E2B112B00EEFD90 /* Main.storyboard */; };
		BC27E8C81E2B112B00EEFD90 /* Assets.xcassets in Resources */ = {isa = PBXBuildFile; fileRef = BC27E8C71E2B112B00EEFD90 /* Assets.xcassets */; };
		BC27E8CB1E2B112B00EEFD90 /* LaunchScreen.storyboard in Resources */ = {isa = PBXBuildFile; fileRef = BC27E8C91E2B112B00EEFD90 /* LaunchScreen.storyboard */; };
		BC27E8D31E2B19E100EEFD90 /* CollectionViewCell.swift in Sources */ = {isa = PBXBuildFile; fileRef = BC27E8D21E2B19E100EEFD90 /* CollectionViewCell.swift */; };
/* End PBXBuildFile section */

/* Begin PBXFileReference section */
		BC27E8BD1E2B112B00EEFD90 /* UICollectionView - Starter.app */ = {isa = PBXFileReference; explicitFileType = wrapper.application; includeInIndex = 0; path = "UICollectionView - Starter.app"; sourceTree = BUILT_PRODUCTS_DIR; };
		BC27E8C01E2B112B00EEFD90 /* AppDelegate.swift */ = {isa = PBXFileReference; lastKnownFileType = sourcecode.swift; path = AppDelegate.swift; sourceTree = "<group>"; };
		BC27E8C21E2B112B00EEFD90 /* ViewController.swift */ = {isa = PBXFileReference; lastKnownFileType = sourcecode.swift; path = ViewController.swift; sourceTree = "<group>"; };
		BC27E8C51E2B112B00EEFD90 /* Base */ = {isa = PBXFileReference; lastKnownFileType = file.storyboard; name = Base; path = Base.lproj/Main.storyboard; sourceTree = "<group>"; };
		BC27E8C71E2B112B00EEFD90 /* Assets.xcassets */ = {isa = PBXFileReference; lastKnownFileType = folder.assetcatalog; path = Assets.xcassets; sourceTree = "<group>"; };
		BC27E8CA1E2B112B00EEFD90 /* Base */ = {isa = PBXFileReference; lastKnownFileType = file.storyboard; name = Base; path = Base.lproj/LaunchScreen.storyboard; sourceTree = "<group>"; };
		BC27E8CC1E2B112B00EEFD90 /* Info.plist */ = {isa = PBXFileReference; lastKnownFileType = text.plist.xml; path = Info.plist; sourceTree = "<group>"; };
		BC27E8D21E2B19E100EEFD90 /* CollectionViewCell.swift */ = {isa = PBXFileReference; fileEncoding = 4; lastKnownFileType = sourcecode.swift; path = CollectionViewCell.swift; sourceTree = "<group>"; };
/* End PBXFileReference section */

/* Begin PBXFrameworksBuildPhase section */
		BC27E8BA1E2B112B00EEFD90 /* Frameworks */ = {
			isa = PBXFrameworksBuildPhase;
			buildActionMask = 2147483647;
			files = (
			);
			runOnlyForDeploymentPostprocessing = 0;
		};
/* End PBXFrameworksBuildPhase section */

/* Begin PBXGroup section */
		BC27E8B41E2B112B00EEFD90 = {
			isa = PBXGroup;
			children = (
				BC27E8BF1E2B112B00EEFD90 /* UICollectionView - Starter */,
				BC27E8BE1E2B112B00EEFD90 /* Products */,
			);
			sourceTree = "<group>";
		};
		BC27E8BE1E2B112B00EEFD90 /* Products */ = {
			isa = PBXGroup;
			children = (
				BC27E8BD1E2B112B00EEFD90 /* UICollectionView - Starter.app */,
			);
			name = Products;
			sourceTree = "<group>";
		};
		BC27E8BF1E2B112B00EEFD90 /* UICollectionView - Starter */ = {
			isa = PBXGroup;
			children = (
				BC27E8C01E2B112B00EEFD90 /* AppDelegate.swift */,
				BC27E8C21E2B112B00EEFD90 /* ViewController.swift */,
				BC27E8C41E2B112B00EEFD90 /* Main.storyboard */,
				BC27E8C71E2B112B00EEFD90 /* Assets.xcassets */,
				BC27E8C91E2B112B00EEFD90 /* LaunchScreen.storyboard */,
				BC27E8CC1E2B112B00EEFD90 /* Info.plist */,
				BC27E8D21E2B19E100EEFD90 /* CollectionViewCell.swift */,
			);
			path = "UICollectionView - Starter";
			sourceTree = "<group>";
		};
/* End PBXGroup section */

/* Begin PBXNativeTarget section */
		BC27E8BC1E2B112B00EEFD90 /* UICollectionView - Starter */ = {
			isa = PBXNativeTarget;
			buildConfigurationList = BC27E8CF1E2B112B00EEFD90 /* Build configuration list for PBXNativeTarget "UICollectionView - Starter" */;
			buildPhases = (
				BC27E8B91E2B112B00EEFD90 /* Sources */,
				BC27E8BA1E2B112B00EEFD90 /* Frameworks */,
				BC27E8BB1E2B112B00EEFD90 /* Resources */,
			);
			buildRules = (
			);
			dependencies = (
			);
			name = "UICollectionView - Starter";
			productName = "Collection - Perform Batch Updates";
			productReference = BC27E8BD1E2B112B00EEFD90 /* UICollectionView - Starter.app */;
			productType = "com.apple.product-type.application";
		};
/* End PBXNativeTarget section */

/* Begin PBXProject section */
		BC27E8B51E2B112B00EEFD90 /* Project object */ = {
			isa = PBXProject;
			attributes = {
				LastSwiftUpdateCheck = 0820;
				LastUpgradeCheck = 0820;
				ORGANIZATIONNAME = "microIT Infrastructure, LLC";
				TargetAttributes = {
					BC27E8BC1E2B112B00EEFD90 = {
						CreatedOnToolsVersion = 8.2.1;
						ProvisioningStyle = Automatic;
					};
				};
			};
			buildConfigurationList = BC27E8B81E2B112B00EEFD90 /* Build configuration list for PBXProject "UICollectionView - Starter" */;
			compatibilityVersion = "Xcode 3.2";
			developmentRegion = English;
			hasScannedForEncodings = 0;
			knownRegions = (
				en,
				Base,
			);
			mainGroup = BC27E8B41E2B112B00EEFD90;
			productRefGroup = BC27E8BE1E2B112B00EEFD90 /* Products */;
			projectDirPath = "";
			projectRoot = "";
			targets = (
				BC27E8BC1E2B112B00EEFD90 /* UICollectionView - Starter */,
			);
		};
/* End PBXProject section */

/* Begin PBXResourcesBuildPhase section */
		BC27E8BB1E2B112B00EEFD90 /* Resources */ = {
			isa = PBXResourcesBuildPhase;
			buildActionMask = 2147483647;
			files = (
				BC27E8CB1E2B112B00EEFD90 /* LaunchScreen.storyboard in Resources */,
				BC27E8C81E2B112B00EEFD90 /* Assets.xcassets in Resources */,
				BC27E8C61E2B112B00EEFD90 /* Main.storyboard in Resources */,
			);
			runOnlyForDeploymentPostprocessing = 0;
		};
/* End PBXResourcesBuildPhase section */

/* Begin PBXSourcesBuildPhase section */
		BC27E8B91E2B112B00EEFD90 /* Sources */ = {
			isa = PBXSourcesBuildPhase;
			buildActionMask = 2147483647;
			files = (
				BC27E8C31E2B112B00EEFD90 /* ViewController.swift in Sources */,
				BC27E8C11E2B112B00EEFD90 /* AppDelegate.swift in Sources */,
				BC27E8D31E2B19E100EEFD90 /* CollectionViewCell.swift in Sources */,
			);
			runOnlyForDeploymentPostprocessing = 0;
		};
/* End PBXSourcesBuildPhase section */

/* Begin PBXVariantGroup section */
		BC27E8C41E2B112B00EEFD90 /* Main.storyboard */ = {
			isa = PBXVariantGroup;
			children = (
				BC27E8C51E2B112B00EEFD90 /* Base */,
			);
			name = Main.storyboard;
			sourceTree = "<group>";
		};
		BC27E8C91E2B112B00EEFD90 /* LaunchScreen.storyboard */ = {
			isa = PBXVariantGroup;
			children = (
				BC27E8CA1E2B112B00EEFD90 /* Base */,
			);
			name = LaunchScreen.storyboard;
			sourceTree = "<group>";
		};
/* End PBXVariantGroup section */

/* Begin XCBuildConfiguration section */
		BC27E8CD1E2B112B00EEFD90 /* Debug */ = {
			isa = XCBuildConfiguration;
			buildSettings = {
				ALWAYS_SEARCH_USER_PATHS = NO;
				CLANG_ANALYZER_NONNULL = YES;
				CLANG_CXX_LANGUAGE_STANDARD = "gnu++0x";
				CLANG_CXX_LIBRARY = "libc++";
				CLANG_ENABLE_MODULES = YES;
				CLANG_ENABLE_OBJC_ARC = YES;
				CLANG_WARN_BOOL_CONVERSION = YES;
				CLANG_WARN_CONSTANT_CONVERSION = YES;
				CLANG_WARN_DIRECT_OBJC_ISA_USAGE = YES_ERROR;
				CLANG_WARN_DOCUMENTATION_COMMENTS = YES;
				CLANG_WARN_EMPTY_BODY = YES;
				CLANG_WARN_ENUM_CONVERSION = YES;
				CLANG_WARN_INFINITE_RECURSION = YES;
				CLANG_WARN_INT_CONVERSION = YES;
				CLANG_WARN_OBJC_ROOT_CLASS = YES_ERROR;
				CLANG_WARN_SUSPICIOUS_MOVE = YES;
				CLANG_WARN_UNREACHABLE_CODE = YES;
				CLANG_WARN__DUPLICATE_METHOD_MATCH = YES;
				"CODE_SIGN_IDENTITY[sdk=iphoneos*]" = "iPhone Developer";
				COPY_PHASE_STRIP = NO;
				DEBUG_INFORMATION_FORMAT = dwarf;
				ENABLE_STRICT_OBJC_MSGSEND = YES;
				ENABLE_TESTABILITY = YES;
				GCC_C_LANGUAGE_STANDARD = gnu99;
				GCC_DYNAMIC_NO_PIC = NO;
				GCC_NO_COMMON_BLOCKS = YES;
				GCC_OPTIMIZATION_LEVEL = 0;
				GCC_PREPROCESSOR_DEFINITIONS = (
					"DEBUG=1",
					"$(inherited)",
				);
				GCC_WARN_64_TO_32_BIT_CONVERSION = YES;
				GCC_WARN_ABOUT_RETURN_TYPE = YES_ERROR;
				GCC_WARN_UNDECLARED_SELECTOR = YES;
				GCC_WARN_UNINITIALIZED_AUTOS = YES_AGGRESSIVE;
				GCC_WARN_UNUSED_FUNCTION = YES;
				GCC_WARN_UNUSED_VARIABLE = YES;
				IPHONEOS_DEPLOYMENT_TARGET = 10.2;
				MTL_ENABLE_DEBUG_INFO = YES;
				ONLY_ACTIVE_ARCH = YES;
				SDKROOT = iphoneos;
				SWIFT_ACTIVE_COMPILATION_CONDITIONS = DEBUG;
				SWIFT_OPTIMIZATION_LEVEL = "-Onone";
			};
			name = Debug;
		};
		BC27E8CE1E2B112B00EEFD90 /* Release */ = {
			isa = XCBuildConfiguration;
			buildSettings = {
				ALWAYS_SEARCH_USER_PATHS = NO;
				CLANG_ANALYZER_NONNULL = YES;
				CLANG_CXX_LANGUAGE_STANDARD = "gnu++0x";
				CLANG_CXX_LIBRARY = "libc++";
				CLANG_ENABLE_MODULES = YES;
				CLANG_ENABLE_OBJC_ARC = YES;
				CLANG_WARN_BOOL_CONVERSION = YES;
				CLANG_WARN_CONSTANT_CONVERSION = YES;
				CLANG_WARN_DIRECT_OBJC_ISA_USAGE = YES_ERROR;
				CLANG_WARN_DOCUMENTATION_COMMENTS = YES;
				CLANG_WARN_EMPTY_BODY = YES;
				CLANG_WARN_ENUM_CONVERSION = YES;
				CLANG_WARN_INFINITE_RECURSION = YES;
				CLANG_WARN_INT_CONVERSION = YES;
				CLANG_WARN_OBJC_ROOT_CLASS = YES_ERROR;
				CLANG_WARN_SUSPICIOUS_MOVE = YES;
				CLANG_WARN_UNREACHABLE_CODE = YES;
				CLANG_WARN__DUPLICATE_METHOD_MATCH = YES;
				"CODE_SIGN_IDENTITY[sdk=iphoneos*]" = "iPhone Developer";
				COPY_PHASE_STRIP = NO;
				DEBUG_INFORMATION_FORMAT = "dwarf-with-dsym";
				ENABLE_NS_ASSERTIONS = NO;
				ENABLE_STRICT_OBJC_MSGSEND = YES;
				GCC_C_LANGUAGE_STANDARD = gnu99;
				GCC_NO_COMMON_BLOCKS = YES;
				GCC_WARN_64_TO_32_BIT_CONVERSION = YES;
				GCC_WARN_ABOUT_RETURN_TYPE = YES_ERROR;
				GCC_WARN_UNDECLARED_SELECTOR = YES;
				GCC_WARN_UNINITIALIZED_AUTOS = YES_AGGRESSIVE;
				GCC_WARN_UNUSED_FUNCTION = YES;
				GCC_WARN_UNUSED_VARIABLE = YES;
				IPHONEOS_DEPLOYMENT_TARGET = 10.2;
				MTL_ENABLE_DEBUG_INFO = NO;
				SDKROOT = iphoneos;
				SWIFT_OPTIMIZATION_LEVEL = "-Owholemodule";
				VALIDATE_PRODUCT = YES;
			};
			name = Release;
		};
		BC27E8D01E2B112B00EEFD90 /* Debug */ = {
			isa = XCBuildConfiguration;
			buildSettings = {
				ASSETCATALOG_COMPILER_APPICON_NAME = AppIcon;
				DEVELOPMENT_TEAM = "";
				INFOPLIST_FILE = "$(SRCROOT)/UICollectionView - Starter/Info.plist";
				LD_RUNPATH_SEARCH_PATHS = "$(inherited) @executable_path/Frameworks";
				PRODUCT_BUNDLE_IDENTIFIER = "com.yourDomainNameHere.UICollectionView----Starter";
				PRODUCT_NAME = "$(TARGET_NAME)";
				SWIFT_VERSION = 3.0;
			};
			name = Debug;
		};
		BC27E8D11E2B112B00EEFD90 /* Release */ = {
			isa = XCBuildConfiguration;
			buildSettings = {
				ASSETCATALOG_COMPILER_APPICON_NAME = AppIcon;
				DEVELOPMENT_TEAM = "";
				INFOPLIST_FILE = "$(SRCROOT)/UICollectionView - Starter/Info.plist";
				LD_RUNPATH_SEARCH_PATHS = "$(inherited) @executable_path/Frameworks";
				PRODUCT_BUNDLE_IDENTIFIER = "com.yourDomainNameHere.UICollectionView----Starter";
				PRODUCT_NAME = "$(TARGET_NAME)";
				SWIFT_VERSION = 3.0;
			};
			name = Release;
		};
/* End XCBuildConfiguration section */

/* Begin XCConfigurationList section */
		BC27E8B81E2B112B00EEFD90 /* Build configuration list for PBXProject "UICollectionView - Starter" */ = {
			isa = XCConfigurationList;
			buildConfigurations = (
				BC27E8CD1E2B112B00EEFD90 /* Debug */,
				BC27E8CE1E2B112B00EEFD90 /* Release */,
			);
			defaultConfigurationIsVisible = 0;
			defaultConfigurationName = Release;
		};
		BC27E8CF1E2B112B00EEFD90 /* Build configuration list for PBXNativeTarget "UICollectionView - Starter" */ = {
			isa = XCConfigurationList;
			buildConfigurations = (
				BC27E8D01E2B112B00EEFD90 /* Debug */,
				BC27E8D11E2B112B00EEFD90 /* Release */,
			);
			defaultConfigurationIsVisible = 0;
			defaultConfigurationName = Release;
		};
/* End XCConfigurationList section */
	};
	rootObject = BC27E8B51E2B112B00EEFD90 /* Project object */;
}
